
Microsoft Visual Studio Solution File, Format Version 12.00
# Visual Studio Version 16
VisualStudioVersion = 16.0.31105.61
MinimumVisualStudioVersion = 10.0.40219.1
Project("{9A19103F-16F7-4668-BE54-9A1E7A4F7556}") = "FC_NDIS", "FC_NDIS.csproj", "{0CEBBE00-890A-43F5-9E58-DFB943AC5780}"
EndProject
Project("{9A19103F-16F7-4668-BE54-9A1E7A4F7556}") = "SForceService", "..\SForceService\SForceService\SForceService.csproj", "{F9770DE2-F070-4A4B-99E1-6AC35F6341BA}"
EndProject
Global
	GlobalSection(SolutionConfigurationPlatforms) = preSolution
		Debug|Any CPU = Debug|Any CPU
		Release|Any CPU = Release|Any CPU
	EndGlobalSection
	GlobalSection(ProjectConfigurationPlatforms) = postSolution
		{0CEBBE00-890A-43F5-9E58-DFB943AC5780}.Debug|Any CPU.ActiveCfg = Debug|Any CPU
		{0CEBBE00-890A-43F5-9E58-DFB943AC5780}.Debug|Any CPU.Build.0 = Debug|Any CPU
		{0CEBBE00-890A-43F5-9E58-DFB943AC5780}.Release|Any CPU.ActiveCfg = Release|Any CPU
		{0CEBBE00-890A-43F5-9E58-DFB943AC5780}.Release|Any CPU.Build.0 = Release|Any CPU
		{F9770DE2-F070-4A4B-99E1-6AC35F6341BA}.Debug|Any CPU.ActiveCfg = Debug|Any CPU
		{F9770DE2-F070-4A4B-99E1-6AC35F6341BA}.Debug|Any CPU.Build.0 = Debug|Any CPU
		{F9770DE2-F070-4A4B-99E1-6AC35F6341BA}.Release|Any CPU.ActiveCfg = Release|Any CPU
		{F9770DE2-F070-4A4B-99E1-6AC35F6341BA}.Release|Any CPU.Build.0 = Release|Any CPU
	EndGlobalSection
	GlobalSection(SolutionProperties) = preSolution
		HideSolutionNode = FALSE
	EndGlobalSection
	GlobalSection(ExtensibilityGlobals) = postSolution
		SolutionGuid = {09443513-F441-4B78-BB36-2E153903BCB7}
	EndGlobalSection
EndGlobal
